// !$*UTF8*$!
{
	archiveVersion = 1;
	classes = {
	};
	objectVersion = 46;
	objects = {

/* Begin PBXBuildFile section */
		0756BDB11B3DF171006F928C /* NSDate+RFC1123.html in Resources */ = {isa = PBXBuildFile; fileRef = 0756BD901B3DF171006F928C /* NSDate+RFC1123.html */; };
		0756BDB21B3DF171006F928C /* NSString+GTMNSStringHTMLAdditions.html in Resources */ = {isa = PBXBuildFile; fileRef = 0756BD911B3DF171006F928C /* NSString+GTMNSStringHTMLAdditions.html */; };
		0756BDB31B3DF171006F928C /* PushNotificationManager.html in Resources */ = {isa = PBXBuildFile; fileRef = 0756BD931B3DF171006F928C /* PushNotificationManager.html */; };
		0756BDB41B3DF171006F928C /* PWNetworkEngine.html in Resources */ = {isa = PBXBuildFile; fileRef = 0756BD941B3DF171006F928C /* PWNetworkEngine.html */; };
		0756BDB51B3DF171006F928C /* PWNetworkOperation.html in Resources */ = {isa = PBXBuildFile; fileRef = 0756BD951B3DF171006F928C /* PWNetworkOperation.html */; };
		0756BDB61B3DF171006F928C /* PWNotificationAppSettings.html in Resources */ = {isa = PBXBuildFile; fileRef = 0756BD961B3DF171006F928C /* PWNotificationAppSettings.html */; };
		0756BDB71B3DF171006F928C /* PWNotificationCenter.html in Resources */ = {isa = PBXBuildFile; fileRef = 0756BD971B3DF171006F928C /* PWNotificationCenter.html */; };
		0756BDB81B3DF171006F928C /* PWReachability.html in Resources */ = {isa = PBXBuildFile; fileRef = 0756BD981B3DF171006F928C /* PWReachability.html */; };
		0756BDB91B3DF171006F928C /* PWTags.html in Resources */ = {isa = PBXBuildFile; fileRef = 0756BD991B3DF171006F928C /* PWTags.html */; };
		0756BDBA1B3DF171006F928C /* PWBeaconAction.html in Resources */ = {isa = PBXBuildFile; fileRef = 0756BD9B1B3DF171006F928C /* PWBeaconAction.html */; };
		0756BDBB1B3DF171006F928C /* PWNotificationAlertStyle.html in Resources */ = {isa = PBXBuildFile; fileRef = 0756BD9C1B3DF171006F928C /* PWNotificationAlertStyle.html */; };
		0756BDBC1B3DF171006F928C /* PWNotificationBannerStyle.html in Resources */ = {isa = PBXBuildFile; fileRef = 0756BD9D1B3DF171006F928C /* PWNotificationBannerStyle.html */; };
		0756BDBD1B3DF171006F928C /* PWSupportedOrientations.html in Resources */ = {isa = PBXBuildFile; fileRef = 0756BD9E1B3DF171006F928C /* PWSupportedOrientations.html */; };
		0756BDBE1B3DF171006F928C /* styles.css in Resources */ = {isa = PBXBuildFile; fileRef = 0756BDA01B3DF171006F928C /* styles.css */; };
		0756BDBF1B3DF171006F928C /* stylesPrint.css in Resources */ = {isa = PBXBuildFile; fileRef = 0756BDA11B3DF171006F928C /* stylesPrint.css */; };
		0756BDC01B3DF171006F928C /* hierarchy.html in Resources */ = {isa = PBXBuildFile; fileRef = 0756BDA21B3DF171006F928C /* hierarchy.html */; };
		0756BDC11B3DF171006F928C /* button_bar_background.png in Resources */ = {isa = PBXBuildFile; fileRef = 0756BDA41B3DF171006F928C /* button_bar_background.png */; };
		0756BDC21B3DF171006F928C /* disclosure.png in Resources */ = {isa = PBXBuildFile; fileRef = 0756BDA51B3DF171006F928C /* disclosure.png */; };
		0756BDC31B3DF171006F928C /* disclosure_open.png in Resources */ = {isa = PBXBuildFile; fileRef = 0756BDA61B3DF171006F928C /* disclosure_open.png */; };
		0756BDC41B3DF171006F928C /* library_background.png in Resources */ = {isa = PBXBuildFile; fileRef = 0756BDA71B3DF171006F928C /* library_background.png */; };
		0756BDC51B3DF171006F928C /* title_background.png in Resources */ = {isa = PBXBuildFile; fileRef = 0756BDA81B3DF171006F928C /* title_background.png */; };
		0756BDC61B3DF171006F928C /* index.html in Resources */ = {isa = PBXBuildFile; fileRef = 0756BDA91B3DF171006F928C /* index.html */; };
		0756BDC71B3DF171006F928C /* PushNotificationDelegate.html in Resources */ = {isa = PBXBuildFile; fileRef = 0756BDAB1B3DF171006F928C /* PushNotificationDelegate.html */; };
		0756BDC81B3DF171006F928C /* Pushwoosh.framework in Frameworks */ = {isa = PBXBuildFile; fileRef = 0756BDAD1B3DF171006F928C /* Pushwoosh.framework */; };
		0756BDC91B3DF171006F928C /* LICENSE in Resources */ = {isa = PBXBuildFile; fileRef = 0756BDAE1B3DF171006F928C /* LICENSE */; };
		0756BDCA1B3DF171006F928C /* README.md in Sources */ = {isa = PBXBuildFile; fileRef = 0756BDAF1B3DF171006F928C /* README.md */; };
		0756BDCB1B3DF171006F928C /* VERSION.md in Sources */ = {isa = PBXBuildFile; fileRef = 0756BDB01B3DF171006F928C /* VERSION.md */; };
		0756BDCD1B3DF1F2006F928C /* CoreLocation.framework in Frameworks */ = {isa = PBXBuildFile; fileRef = 0756BDCC1B3DF1F2006F928C /* CoreLocation.framework */; };
		0756BDCF1B3DF1FF006F928C /* SystemConfiguration.framework in Frameworks */ = {isa = PBXBuildFile; fileRef = 0756BDCE1B3DF1FF006F928C /* SystemConfiguration.framework */; };
		0756BDD11B3DF20B006F928C /* ImageIO.framework in Frameworks */ = {isa = PBXBuildFile; fileRef = 0756BDD01B3DF20B006F928C /* ImageIO.framework */; };
		0756BDD31B3DF218006F928C /* AVFoundation.framework in Frameworks */ = {isa = PBXBuildFile; fileRef = 0756BDD21B3DF218006F928C /* AVFoundation.framework */; };
		583973391B38587600EF2611 /* main.m in Sources */ = {isa = PBXBuildFile; fileRef = 583973381B38587600EF2611 /* main.m */; };
		5839733C1B38587600EF2611 /* AppDelegate.m in Sources */ = {isa = PBXBuildFile; fileRef = 5839733B1B38587600EF2611 /* AppDelegate.m */; };
		5839733F1B38587600EF2611 /* CM_Tarea_2.xcdatamodeld in Sources */ = {isa = PBXBuildFile; fileRef = 5839733D1B38587600EF2611 /* CM_Tarea_2.xcdatamodeld */; };
		583973421B38587600EF2611 /* Start.m in Sources */ = {isa = PBXBuildFile; fileRef = 583973411B38587600EF2611 /* Start.m */; };
		583973451B38587600EF2611 /* Main.storyboard in Resources */ = {isa = PBXBuildFile; fileRef = 583973431B38587600EF2611 /* Main.storyboard */; };
		583973471B38587600EF2611 /* Images.xcassets in Resources */ = {isa = PBXBuildFile; fileRef = 583973461B38587600EF2611 /* Images.xcassets */; };
		5839734A1B38587600EF2611 /* LaunchScreen.xib in Resources */ = {isa = PBXBuildFile; fileRef = 583973481B38587600EF2611 /* LaunchScreen.xib */; };
		583973561B38587600EF2611 /* CM_Tarea_2Tests.m in Sources */ = {isa = PBXBuildFile; fileRef = 583973551B38587600EF2611 /* CM_Tarea_2Tests.m */; };
		583973651B386CCA00EF2611 /* cellPol.m in Sources */ = {isa = PBXBuildFile; fileRef = 583973631B386CCA00EF2611 /* cellPol.m */; };
		583973661B386CCA00EF2611 /* cellPol.xib in Resources */ = {isa = PBXBuildFile; fileRef = 583973641B386CCA00EF2611 /* cellPol.xib */; };
		583973691B386D3100EF2611 /* Declarations.m in Sources */ = {isa = PBXBuildFile; fileRef = 583973681B386D3100EF2611 /* Declarations.m */; };
		5839736C1B386D5300EF2611 /* Intro.m in Sources */ = {isa = PBXBuildFile; fileRef = 5839736B1B386D5300EF2611 /* Intro.m */; };
		5839736F1B386D6600EF2611 /* Home.m in Sources */ = {isa = PBXBuildFile; fileRef = 5839736E1B386D6600EF2611 /* Home.m */; };
		5848F1A91B387C3000F0EF51 /* Details.m in Sources */ = {isa = PBXBuildFile; fileRef = 5848F1A81B387C3000F0EF51 /* Details.m */; };
		5848F1AC1B3892DF00F0EF51 /* pri.png in Resources */ = {isa = PBXBuildFile; fileRef = 5848F1AB1B3892DF00F0EF51 /* pri.png */; };
		5848F1AF1B38956500F0EF51 /* AddEstado.m in Sources */ = {isa = PBXBuildFile; fileRef = 5848F1AE1B38956500F0EF51 /* AddEstado.m */; };
		5848F1B11B38A04100F0EF51 /* MobileCoreServices.framework in Frameworks */ = {isa = PBXBuildFile; fileRef = 5848F1B01B38A04100F0EF51 /* MobileCoreServices.framework */; };
		586545341B3D97E10008180B /* img1.png in Resources */ = {isa = PBXBuildFile; fileRef = 586545331B3D97E10008180B /* img1.png */; };
		586545371B3D9AE60008180B /* img2.jpg in Resources */ = {isa = PBXBuildFile; fileRef = 586545351B3D9AE60008180B /* img2.jpg */; };
		586545381B3D9AE60008180B /* img3.png in Resources */ = {isa = PBXBuildFile; fileRef = 586545361B3D9AE60008180B /* img3.png */; };
		5865453F1B3D9C560008180B /* mc.jpg in Resources */ = {isa = PBXBuildFile; fileRef = 586545391B3D9C560008180B /* mc.jpg */; };
		586545401B3D9C560008180B /* morena.jpg in Resources */ = {isa = PBXBuildFile; fileRef = 5865453A1B3D9C560008180B /* morena.jpg */; };
		586545411B3D9C560008180B /* pan.png in Resources */ = {isa = PBXBuildFile; fileRef = 5865453B1B3D9C560008180B /* pan.png */; };
		586545421B3D9C560008180B /* prd.png in Resources */ = {isa = PBXBuildFile; fileRef = 5865453C1B3D9C560008180B /* prd.png */; };
		586545431B3D9C560008180B /* pt.png in Resources */ = {isa = PBXBuildFile; fileRef = 5865453D1B3D9C560008180B /* pt.png */; };
		586545441B3D9C560008180B /* verde.png in Resources */ = {isa = PBXBuildFile; fileRef = 5865453E1B3D9C560008180B /* verde.png */; };
/* End PBXBuildFile section */

/* Begin PBXContainerItemProxy section */
		583973501B38587600EF2611 /* PBXContainerItemProxy */ = {
			isa = PBXContainerItemProxy;
			containerPortal = 5839732B1B38587600EF2611 /* Project object */;
			proxyType = 1;
			remoteGlobalIDString = 583973321B38587600EF2611;
			remoteInfo = "CM-Tarea-2";
		};
/* End PBXContainerItemProxy section */

/* Begin PBXFileReference section */
		0756BD901B3DF171006F928C /* NSDate+RFC1123.html */ = {isa = PBXFileReference; fileEncoding = 4; lastKnownFileType = text.html.documentation; path = "NSDate+RFC1123.html"; sourceTree = "<group>"; };
		0756BD911B3DF171006F928C /* NSString+GTMNSStringHTMLAdditions.html */ = {isa = PBXFileReference; fileEncoding = 4; lastKnownFileType = text.html.documentation; path = "NSString+GTMNSStringHTMLAdditions.html"; sourceTree = "<group>"; };
		0756BD931B3DF171006F928C /* PushNotificationManager.html */ = {isa = PBXFileReference; fileEncoding = 4; lastKnownFileType = text.html.documentation; path = PushNotificationManager.html; sourceTree = "<group>"; };
		0756BD941B3DF171006F928C /* PWNetworkEngine.html */ = {isa = PBXFileReference; fileEncoding = 4; lastKnownFileType = text.html.documentation; path = PWNetworkEngine.html; sourceTree = "<group>"; };
		0756BD951B3DF171006F928C /* PWNetworkOperation.html */ = {isa = PBXFileReference; fileEncoding = 4; lastKnownFileType = text.html.documentation; path = PWNetworkOperation.html; sourceTree = "<group>"; };
		0756BD961B3DF171006F928C /* PWNotificationAppSettings.html */ = {isa = PBXFileReference; fileEncoding = 4; lastKnownFileType = text.html.documentation; path = PWNotificationAppSettings.html; sourceTree = "<group>"; };
		0756BD971B3DF171006F928C /* PWNotificationCenter.html */ = {isa = PBXFileReference; fileEncoding = 4; lastKnownFileType = text.html.documentation; path = PWNotificationCenter.html; sourceTree = "<group>"; };
		0756BD981B3DF171006F928C /* PWReachability.html */ = {isa = PBXFileReference; fileEncoding = 4; lastKnownFileType = text.html.documentation; path = PWReachability.html; sourceTree = "<group>"; };
		0756BD991B3DF171006F928C /* PWTags.html */ = {isa = PBXFileReference; fileEncoding = 4; lastKnownFileType = text.html.documentation; path = PWTags.html; sourceTree = "<group>"; };
		0756BD9B1B3DF171006F928C /* PWBeaconAction.html */ = {isa = PBXFileReference; fileEncoding = 4; lastKnownFileType = text.html.documentation; path = PWBeaconAction.html; sourceTree = "<group>"; };
		0756BD9C1B3DF171006F928C /* PWNotificationAlertStyle.html */ = {isa = PBXFileReference; fileEncoding = 4; lastKnownFileType = text.html.documentation; path = PWNotificationAlertStyle.html; sourceTree = "<group>"; };
		0756BD9D1B3DF171006F928C /* PWNotificationBannerStyle.html */ = {isa = PBXFileReference; fileEncoding = 4; lastKnownFileType = text.html.documentation; path = PWNotificationBannerStyle.html; sourceTree = "<group>"; };
		0756BD9E1B3DF171006F928C /* PWSupportedOrientations.html */ = {isa = PBXFileReference; fileEncoding = 4; lastKnownFileType = text.html.documentation; path = PWSupportedOrientations.html; sourceTree = "<group>"; };
		0756BDA01B3DF171006F928C /* styles.css */ = {isa = PBXFileReference; fileEncoding = 4; lastKnownFileType = text.css; path = styles.css; sourceTree = "<group>"; };
		0756BDA11B3DF171006F928C /* stylesPrint.css */ = {isa = PBXFileReference; fileEncoding = 4; lastKnownFileType = text.css; path = stylesPrint.css; sourceTree = "<group>"; };
		0756BDA21B3DF171006F928C /* hierarchy.html */ = {isa = PBXFileReference; fileEncoding = 4; lastKnownFileType = text.html.documentation; path = hierarchy.html; sourceTree = "<group>"; };
		0756BDA41B3DF171006F928C /* button_bar_background.png */ = {isa = PBXFileReference; lastKnownFileType = image.png; path = button_bar_background.png; sourceTree = "<group>"; };
		0756BDA51B3DF171006F928C /* disclosure.png */ = {isa = PBXFileReference; lastKnownFileType = image.png; path = disclosure.png; sourceTree = "<group>"; };
		0756BDA61B3DF171006F928C /* disclosure_open.png */ = {isa = PBXFileReference; lastKnownFileType = image.png; path = disclosure_open.png; sourceTree = "<group>"; };
		0756BDA71B3DF171006F928C /* library_background.png */ = {isa = PBXFileReference; lastKnownFileType = image.png; path = library_background.png; sourceTree = "<group>"; };
		0756BDA81B3DF171006F928C /* title_background.png */ = {isa = PBXFileReference; lastKnownFileType = image.png; path = title_background.png; sourceTree = "<group>"; };
		0756BDA91B3DF171006F928C /* index.html */ = {isa = PBXFileReference; fileEncoding = 4; lastKnownFileType = text.html.documentation; path = index.html; sourceTree = "<group>"; };
		0756BDAB1B3DF171006F928C /* PushNotificationDelegate.html */ = {isa = PBXFileReference; fileEncoding = 4; lastKnownFileType = text.html.documentation; path = PushNotificationDelegate.html; sourceTree = "<group>"; };
		0756BDAD1B3DF171006F928C /* Pushwoosh.framework */ = {isa = PBXFileReference; lastKnownFileType = wrapper.framework; path = Pushwoosh.framework; sourceTree = "<group>"; };
		0756BDAE1B3DF171006F928C /* LICENSE */ = {isa = PBXFileReference; fileEncoding = 4; lastKnownFileType = text; path = LICENSE; sourceTree = "<group>"; };
		0756BDAF1B3DF171006F928C /* README.md */ = {isa = PBXFileReference; fileEncoding = 4; lastKnownFileType = net.daringfireball.markdown; path = README.md; sourceTree = "<group>"; };
		0756BDB01B3DF171006F928C /* VERSION.md */ = {isa = PBXFileReference; fileEncoding = 4; lastKnownFileType = net.daringfireball.markdown; path = VERSION.md; sourceTree = "<group>"; };
		0756BDCC1B3DF1F2006F928C /* CoreLocation.framework */ = {isa = PBXFileReference; lastKnownFileType = wrapper.framework; name = CoreLocation.framework; path = System/Library/Frameworks/CoreLocation.framework; sourceTree = SDKROOT; };
		0756BDCE1B3DF1FF006F928C /* SystemConfiguration.framework */ = {isa = PBXFileReference; lastKnownFileType = wrapper.framework; name = SystemConfiguration.framework; path = System/Library/Frameworks/SystemConfiguration.framework; sourceTree = SDKROOT; };
		0756BDD01B3DF20B006F928C /* ImageIO.framework */ = {isa = PBXFileReference; lastKnownFileType = wrapper.framework; name = ImageIO.framework; path = System/Library/Frameworks/ImageIO.framework; sourceTree = SDKROOT; };
		0756BDD21B3DF218006F928C /* AVFoundation.framework */ = {isa = PBXFileReference; lastKnownFileType = wrapper.framework; name = AVFoundation.framework; path = System/Library/Frameworks/AVFoundation.framework; sourceTree = SDKROOT; };
		583973331B38587600EF2611 /* CM-Tarea-2.app */ = {isa = PBXFileReference; explicitFileType = wrapper.application; includeInIndex = 0; path = "CM-Tarea-2.app"; sourceTree = BUILT_PRODUCTS_DIR; };
		583973371B38587600EF2611 /* Info.plist */ = {isa = PBXFileReference; lastKnownFileType = text.plist.xml; path = Info.plist; sourceTree = "<group>"; };
		583973381B38587600EF2611 /* main.m */ = {isa = PBXFileReference; lastKnownFileType = sourcecode.c.objc; path = main.m; sourceTree = "<group>"; xcLanguageSpecificationIdentifier = xcode.lang.simpleColoring; };
		5839733A1B38587600EF2611 /* AppDelegate.h */ = {isa = PBXFileReference; lastKnownFileType = sourcecode.c.h; path = AppDelegate.h; sourceTree = "<group>"; };
		5839733B1B38587600EF2611 /* AppDelegate.m */ = {isa = PBXFileReference; lastKnownFileType = sourcecode.c.objc; path = AppDelegate.m; sourceTree = "<group>"; };
		5839733E1B38587600EF2611 /* CM_Tarea_2.xcdatamodel */ = {isa = PBXFileReference; lastKnownFileType = wrapper.xcdatamodel; path = CM_Tarea_2.xcdatamodel; sourceTree = "<group>"; };
		583973401B38587600EF2611 /* Start.h */ = {isa = PBXFileReference; lastKnownFileType = sourcecode.c.h; path = Start.h; sourceTree = "<group>"; };
		583973411B38587600EF2611 /* Start.m */ = {isa = PBXFileReference; lastKnownFileType = sourcecode.c.objc; path = Start.m; sourceTree = "<group>"; };
		583973441B38587600EF2611 /* Base */ = {isa = PBXFileReference; lastKnownFileType = file.storyboard; name = Base; path = Base.lproj/Main.storyboard; sourceTree = "<group>"; };
		583973461B38587600EF2611 /* Images.xcassets */ = {isa = PBXFileReference; lastKnownFileType = folder.assetcatalog; path = Images.xcassets; sourceTree = "<group>"; };
		583973491B38587600EF2611 /* Base */ = {isa = PBXFileReference; lastKnownFileType = file.xib; name = Base; path = Base.lproj/LaunchScreen.xib; sourceTree = "<group>"; };
		5839734F1B38587600EF2611 /* CM-Tarea-2Tests.xctest */ = {isa = PBXFileReference; explicitFileType = wrapper.cfbundle; includeInIndex = 0; path = "CM-Tarea-2Tests.xctest"; sourceTree = BUILT_PRODUCTS_DIR; };
		583973541B38587600EF2611 /* Info.plist */ = {isa = PBXFileReference; lastKnownFileType = text.plist.xml; path = Info.plist; sourceTree = "<group>"; };
		583973551B38587600EF2611 /* CM_Tarea_2Tests.m */ = {isa = PBXFileReference; lastKnownFileType = sourcecode.c.objc; path = CM_Tarea_2Tests.m; sourceTree = "<group>"; };
		583973621B386CCA00EF2611 /* cellPol.h */ = {isa = PBXFileReference; fileEncoding = 4; lastKnownFileType = sourcecode.c.h; path = cellPol.h; sourceTree = "<group>"; };
		583973631B386CCA00EF2611 /* cellPol.m */ = {isa = PBXFileReference; fileEncoding = 4; lastKnownFileType = sourcecode.c.objc; path = cellPol.m; sourceTree = "<group>"; };
		583973641B386CCA00EF2611 /* cellPol.xib */ = {isa = PBXFileReference; fileEncoding = 4; lastKnownFileType = file.xib; path = cellPol.xib; sourceTree = "<group>"; };
		583973671B386D3100EF2611 /* Declarations.h */ = {isa = PBXFileReference; fileEncoding = 4; lastKnownFileType = sourcecode.c.h; path = Declarations.h; sourceTree = "<group>"; };
		583973681B386D3100EF2611 /* Declarations.m */ = {isa = PBXFileReference; fileEncoding = 4; lastKnownFileType = sourcecode.c.objc; path = Declarations.m; sourceTree = "<group>"; };
		5839736A1B386D5300EF2611 /* Intro.h */ = {isa = PBXFileReference; fileEncoding = 4; lastKnownFileType = sourcecode.c.h; path = Intro.h; sourceTree = "<group>"; };
		5839736B1B386D5300EF2611 /* Intro.m */ = {isa = PBXFileReference; fileEncoding = 4; lastKnownFileType = sourcecode.c.objc; path = Intro.m; sourceTree = "<group>"; };
		5839736D1B386D6600EF2611 /* Home.h */ = {isa = PBXFileReference; fileEncoding = 4; lastKnownFileType = sourcecode.c.h; path = Home.h; sourceTree = "<group>"; };
		5839736E1B386D6600EF2611 /* Home.m */ = {isa = PBXFileReference; fileEncoding = 4; lastKnownFileType = sourcecode.c.objc; path = Home.m; sourceTree = "<group>"; };
		5848F1A71B387C3000F0EF51 /* Details.h */ = {isa = PBXFileReference; fileEncoding = 4; lastKnownFileType = sourcecode.c.h; path = Details.h; sourceTree = "<group>"; };
		5848F1A81B387C3000F0EF51 /* Details.m */ = {isa = PBXFileReference; fileEncoding = 4; lastKnownFileType = sourcecode.c.objc; path = Details.m; sourceTree = "<group>"; };
		5848F1AB1B3892DF00F0EF51 /* pri.png */ = {isa = PBXFileReference; lastKnownFileType = image.png; path = pri.png; sourceTree = "<group>"; };
		5848F1AD1B38956500F0EF51 /* AddEstado.h */ = {isa = PBXFileReference; fileEncoding = 4; lastKnownFileType = sourcecode.c.h; path = AddEstado.h; sourceTree = "<group>"; };
		5848F1AE1B38956500F0EF51 /* AddEstado.m */ = {isa = PBXFileReference; fileEncoding = 4; lastKnownFileType = sourcecode.c.objc; path = AddEstado.m; sourceTree = "<group>"; };
		5848F1B01B38A04100F0EF51 /* MobileCoreServices.framework */ = {isa = PBXFileReference; lastKnownFileType = wrapper.framework; name = MobileCoreServices.framework; path = System/Library/Frameworks/MobileCoreServices.framework; sourceTree = SDKROOT; };
		586545331B3D97E10008180B /* img1.png */ = {isa = PBXFileReference; lastKnownFileType = image.png; path = img1.png; sourceTree = "<group>"; };
		586545351B3D9AE60008180B /* img2.jpg */ = {isa = PBXFileReference; lastKnownFileType = image.jpeg; path = img2.jpg; sourceTree = "<group>"; };
		586545361B3D9AE60008180B /* img3.png */ = {isa = PBXFileReference; lastKnownFileType = image.png; path = img3.png; sourceTree = "<group>"; };
		586545391B3D9C560008180B /* mc.jpg */ = {isa = PBXFileReference; lastKnownFileType = image.jpeg; path = mc.jpg; sourceTree = "<group>"; };
		5865453A1B3D9C560008180B /* morena.jpg */ = {isa = PBXFileReference; lastKnownFileType = image.jpeg; path = morena.jpg; sourceTree = "<group>"; };
		5865453B1B3D9C560008180B /* pan.png */ = {isa = PBXFileReference; lastKnownFileType = image.png; path = pan.png; sourceTree = "<group>"; };
		5865453C1B3D9C560008180B /* prd.png */ = {isa = PBXFileReference; lastKnownFileType = image.png; path = prd.png; sourceTree = "<group>"; };
		5865453D1B3D9C560008180B /* pt.png */ = {isa = PBXFileReference; lastKnownFileType = image.png; path = pt.png; sourceTree = "<group>"; };
		5865453E1B3D9C560008180B /* verde.png */ = {isa = PBXFileReference; lastKnownFileType = image.png; path = verde.png; sourceTree = "<group>"; };
/* End PBXFileReference section */

/* Begin PBXFrameworksBuildPhase section */
		583973301B38587600EF2611 /* Frameworks */ = {
			isa = PBXFrameworksBuildPhase;
			buildActionMask = 2147483647;
			files = (
				0756BDD31B3DF218006F928C /* AVFoundation.framework in Frameworks */,
				0756BDD11B3DF20B006F928C /* ImageIO.framework in Frameworks */,
				0756BDCF1B3DF1FF006F928C /* SystemConfiguration.framework in Frameworks */,
				0756BDCD1B3DF1F2006F928C /* CoreLocation.framework in Frameworks */,
				5848F1B11B38A04100F0EF51 /* MobileCoreServices.framework in Frameworks */,
				0756BDC81B3DF171006F928C /* Pushwoosh.framework in Frameworks */,
			);
			runOnlyForDeploymentPostprocessing = 0;
		};
		5839734C1B38587600EF2611 /* Frameworks */ = {
			isa = PBXFrameworksBuildPhase;
			buildActionMask = 2147483647;
			files = (
			);
			runOnlyForDeploymentPostprocessing = 0;
		};
/* End PBXFrameworksBuildPhase section */

/* Begin PBXGroup section */
		0756BD8D1B3DF171006F928C /* pushwoosh-ios-sdk-master */ = {
			isa = PBXGroup;
			children = (
				0756BD8E1B3DF171006F928C /* Documentation */,
				0756BDAC1B3DF171006F928C /* Framework */,
				0756BDAE1B3DF171006F928C /* LICENSE */,
				0756BDAF1B3DF171006F928C /* README.md */,
				0756BDB01B3DF171006F928C /* VERSION.md */,
			);
			path = "pushwoosh-ios-sdk-master";
			sourceTree = "<group>";
		};
		0756BD8E1B3DF171006F928C /* Documentation */ = {
			isa = PBXGroup;
			children = (
				0756BD8F1B3DF171006F928C /* Categories */,
				0756BD921B3DF171006F928C /* Classes */,
				0756BD9A1B3DF171006F928C /* Constants */,
				0756BD9F1B3DF171006F928C /* css */,
				0756BDA21B3DF171006F928C /* hierarchy.html */,
				0756BDA31B3DF171006F928C /* img */,
				0756BDA91B3DF171006F928C /* index.html */,
				0756BDAA1B3DF171006F928C /* Protocols */,
			);
			path = Documentation;
			sourceTree = "<group>";
		};
		0756BD8F1B3DF171006F928C /* Categories */ = {
			isa = PBXGroup;
			children = (
				0756BD901B3DF171006F928C /* NSDate+RFC1123.html */,
				0756BD911B3DF171006F928C /* NSString+GTMNSStringHTMLAdditions.html */,
			);
			path = Categories;
			sourceTree = "<group>";
		};
		0756BD921B3DF171006F928C /* Classes */ = {
			isa = PBXGroup;
			children = (
				0756BD931B3DF171006F928C /* PushNotificationManager.html */,
				0756BD941B3DF171006F928C /* PWNetworkEngine.html */,
				0756BD951B3DF171006F928C /* PWNetworkOperation.html */,
				0756BD961B3DF171006F928C /* PWNotificationAppSettings.html */,
				0756BD971B3DF171006F928C /* PWNotificationCenter.html */,
				0756BD981B3DF171006F928C /* PWReachability.html */,
				0756BD991B3DF171006F928C /* PWTags.html */,
			);
			path = Classes;
			sourceTree = "<group>";
		};
		0756BD9A1B3DF171006F928C /* Constants */ = {
			isa = PBXGroup;
			children = (
				0756BD9B1B3DF171006F928C /* PWBeaconAction.html */,
				0756BD9C1B3DF171006F928C /* PWNotificationAlertStyle.html */,
				0756BD9D1B3DF171006F928C /* PWNotificationBannerStyle.html */,
				0756BD9E1B3DF171006F928C /* PWSupportedOrientations.html */,
			);
			path = Constants;
			sourceTree = "<group>";
		};
		0756BD9F1B3DF171006F928C /* css */ = {
			isa = PBXGroup;
			children = (
				0756BDA01B3DF171006F928C /* styles.css */,
				0756BDA11B3DF171006F928C /* stylesPrint.css */,
			);
			path = css;
			sourceTree = "<group>";
		};
		0756BDA31B3DF171006F928C /* img */ = {
			isa = PBXGroup;
			children = (
				0756BDA41B3DF171006F928C /* button_bar_background.png */,
				0756BDA51B3DF171006F928C /* disclosure.png */,
				0756BDA61B3DF171006F928C /* disclosure_open.png */,
				0756BDA71B3DF171006F928C /* library_background.png */,
				0756BDA81B3DF171006F928C /* title_background.png */,
			);
			path = img;
			sourceTree = "<group>";
		};
		0756BDAA1B3DF171006F928C /* Protocols */ = {
			isa = PBXGroup;
			children = (
				0756BDAB1B3DF171006F928C /* PushNotificationDelegate.html */,
			);
			path = Protocols;
			sourceTree = "<group>";
		};
		0756BDAC1B3DF171006F928C /* Framework */ = {
			isa = PBXGroup;
			children = (
				0756BDAD1B3DF171006F928C /* Pushwoosh.framework */,
			);
			path = Framework;
			sourceTree = "<group>";
		};
		5839732A1B38587600EF2611 = {
			isa = PBXGroup;
			children = (
				0756BDD21B3DF218006F928C /* AVFoundation.framework */,
				0756BDD01B3DF20B006F928C /* ImageIO.framework */,
				0756BDCE1B3DF1FF006F928C /* SystemConfiguration.framework */,
				0756BDCC1B3DF1F2006F928C /* CoreLocation.framework */,
				0756BD8D1B3DF171006F928C /* pushwoosh-ios-sdk-master */,
				5848F1B01B38A04100F0EF51 /* MobileCoreServices.framework */,
				583973351B38587600EF2611 /* CM-Tarea-2 */,
				583973521B38587600EF2611 /* CM-Tarea-2Tests */,
				583973341B38587600EF2611 /* Products */,
			);
			sourceTree = "<group>";
		};
		583973341B38587600EF2611 /* Products */ = {
			isa = PBXGroup;
			children = (
				583973331B38587600EF2611 /* CM-Tarea-2.app */,
				5839734F1B38587600EF2611 /* CM-Tarea-2Tests.xctest */,
			);
			name = Products;
			sourceTree = "<group>";
		};
		583973351B38587600EF2611 /* CM-Tarea-2 */ = {
			isa = PBXGroup;
			children = (
				5848F1AA1B387ED400F0EF51 /* imgs */,
				583973611B385C9800EF2611 /* Main */,
				583973601B385C8100EF2611 /* Cells */,
				5839735F1B385BF200EF2611 /* Controllers */,
				583973431B38587600EF2611 /* Main.storyboard */,
				583973461B38587600EF2611 /* Images.xcassets */,
				583973481B38587600EF2611 /* LaunchScreen.xib */,
				5839733D1B38587600EF2611 /* CM_Tarea_2.xcdatamodeld */,
				583973361B38587600EF2611 /* Supporting Files */,
			);
			path = "CM-Tarea-2";
			sourceTree = "<group>";
		};
		583973361B38587600EF2611 /* Supporting Files */ = {
			isa = PBXGroup;
			children = (
				583973371B38587600EF2611 /* Info.plist */,
				583973381B38587600EF2611 /* main.m */,
			);
			name = "Supporting Files";
			sourceTree = "<group>";
		};
		583973521B38587600EF2611 /* CM-Tarea-2Tests */ = {
			isa = PBXGroup;
			children = (
				583973551B38587600EF2611 /* CM_Tarea_2Tests.m */,
				583973531B38587600EF2611 /* Supporting Files */,
			);
			path = "CM-Tarea-2Tests";
			sourceTree = "<group>";
		};
		583973531B38587600EF2611 /* Supporting Files */ = {
			isa = PBXGroup;
			children = (
				583973541B38587600EF2611 /* Info.plist */,
			);
			name = "Supporting Files";
			sourceTree = "<group>";
		};
		5839735F1B385BF200EF2611 /* Controllers */ = {
			isa = PBXGroup;
			children = (
				5839736A1B386D5300EF2611 /* Intro.h */,
				5839736B1B386D5300EF2611 /* Intro.m */,
				583973401B38587600EF2611 /* Start.h */,
				583973411B38587600EF2611 /* Start.m */,
				5839736D1B386D6600EF2611 /* Home.h */,
				5839736E1B386D6600EF2611 /* Home.m */,
				5848F1A71B387C3000F0EF51 /* Details.h */,
				5848F1A81B387C3000F0EF51 /* Details.m */,
				5848F1AD1B38956500F0EF51 /* AddEstado.h */,
				5848F1AE1B38956500F0EF51 /* AddEstado.m */,
			);
			name = Controllers;
			sourceTree = "<group>";
		};
		583973601B385C8100EF2611 /* Cells */ = {
			isa = PBXGroup;
			children = (
				583973621B386CCA00EF2611 /* cellPol.h */,
				583973631B386CCA00EF2611 /* cellPol.m */,
				583973641B386CCA00EF2611 /* cellPol.xib */,
			);
			name = Cells;
			sourceTree = "<group>";
		};
		583973611B385C9800EF2611 /* Main */ = {
			isa = PBXGroup;
			children = (
				5839733A1B38587600EF2611 /* AppDelegate.h */,
				5839733B1B38587600EF2611 /* AppDelegate.m */,
				583973671B386D3100EF2611 /* Declarations.h */,
				583973681B386D3100EF2611 /* Declarations.m */,
			);
			name = Main;
			sourceTree = "<group>";
		};
		5848F1AA1B387ED400F0EF51 /* imgs */ = {
			isa = PBXGroup;
			children = (
				586545391B3D9C560008180B /* mc.jpg */,
				5865453A1B3D9C560008180B /* morena.jpg */,
				5865453B1B3D9C560008180B /* pan.png */,
				5865453C1B3D9C560008180B /* prd.png */,
				5865453D1B3D9C560008180B /* pt.png */,
				5865453E1B3D9C560008180B /* verde.png */,
				586545351B3D9AE60008180B /* img2.jpg */,
				586545361B3D9AE60008180B /* img3.png */,
				586545331B3D97E10008180B /* img1.png */,
				5848F1AB1B3892DF00F0EF51 /* pri.png */,
			);
			name = imgs;
			sourceTree = "<group>";
		};
/* End PBXGroup section */

/* Begin PBXNativeTarget section */
		583973321B38587600EF2611 /* CM-Tarea-2 */ = {
			isa = PBXNativeTarget;
			buildConfigurationList = 583973591B38587600EF2611 /* Build configuration list for PBXNativeTarget "CM-Tarea-2" */;
			buildPhases = (
				5839732F1B38587600EF2611 /* Sources */,
				583973301B38587600EF2611 /* Frameworks */,
				583973311B38587600EF2611 /* Resources */,
			);
			buildRules = (
			);
			dependencies = (
			);
			name = "CM-Tarea-2";
			productName = "CM-Tarea-2";
			productReference = 583973331B38587600EF2611 /* CM-Tarea-2.app */;
			productType = "com.apple.product-type.application";
		};
		5839734E1B38587600EF2611 /* CM-Tarea-2Tests */ = {
			isa = PBXNativeTarget;
			buildConfigurationList = 5839735C1B38587600EF2611 /* Build configuration list for PBXNativeTarget "CM-Tarea-2Tests" */;
			buildPhases = (
				5839734B1B38587600EF2611 /* Sources */,
				5839734C1B38587600EF2611 /* Frameworks */,
				5839734D1B38587600EF2611 /* Resources */,
			);
			buildRules = (
			);
			dependencies = (
				583973511B38587600EF2611 /* PBXTargetDependency */,
			);
			name = "CM-Tarea-2Tests";
			productName = "CM-Tarea-2Tests";
			productReference = 5839734F1B38587600EF2611 /* CM-Tarea-2Tests.xctest */;
			productType = "com.apple.product-type.bundle.unit-test";
		};
/* End PBXNativeTarget section */

/* Begin PBXProject section */
		5839732B1B38587600EF2611 /* Project object */ = {
			isa = PBXProject;
			attributes = {
				LastUpgradeCheck = 0630;
				ORGANIZATIONNAME = vita;
				TargetAttributes = {
					583973321B38587600EF2611 = {
						CreatedOnToolsVersion = 6.3.2;
					};
					5839734E1B38587600EF2611 = {
						CreatedOnToolsVersion = 6.3.2;
						TestTargetID = 583973321B38587600EF2611;
					};
				};
			};
			buildConfigurationList = 5839732E1B38587600EF2611 /* Build configuration list for PBXProject "CM-Tarea-2" */;
			compatibilityVersion = "Xcode 3.2";
			developmentRegion = English;
			hasScannedForEncodings = 0;
			knownRegions = (
				en,
				Base,
			);
			mainGroup = 5839732A1B38587600EF2611;
			productRefGroup = 583973341B38587600EF2611 /* Products */;
			projectDirPath = "";
			projectRoot = "";
			targets = (
				583973321B38587600EF2611 /* CM-Tarea-2 */,
				5839734E1B38587600EF2611 /* CM-Tarea-2Tests */,
			);
		};
/* End PBXProject section */

/* Begin PBXResourcesBuildPhase section */
		583973311B38587600EF2611 /* Resources */ = {
			isa = PBXResourcesBuildPhase;
			buildActionMask = 2147483647;
			files = (
				0756BDB21B3DF171006F928C /* NSString+GTMNSStringHTMLAdditions.html in Resources */,
				586545431B3D9C560008180B /* pt.png in Resources */,
				0756BDB51B3DF171006F928C /* PWNetworkOperation.html in Resources */,
				0756BDBD1B3DF171006F928C /* PWSupportedOrientations.html in Resources */,
				0756BDBA1B3DF171006F928C /* PWBeaconAction.html in Resources */,
				0756BDB41B3DF171006F928C /* PWNetworkEngine.html in Resources */,
				586545421B3D9C560008180B /* prd.png in Resources */,
				5848F1AC1B3892DF00F0EF51 /* pri.png in Resources */,
				0756BDB81B3DF171006F928C /* PWReachability.html in Resources */,
				0756BDB91B3DF171006F928C /* PWTags.html in Resources */,
				586545401B3D9C560008180B /* morena.jpg in Resources */,
				0756BDB11B3DF171006F928C /* NSDate+RFC1123.html in Resources */,
				0756BDBF1B3DF171006F928C /* stylesPrint.css in Resources */,
				0756BDC31B3DF171006F928C /* disclosure_open.png in Resources */,
				586545441B3D9C560008180B /* verde.png in Resources */,
				0756BDBE1B3DF171006F928C /* styles.css in Resources */,
				583973661B386CCA00EF2611 /* cellPol.xib in Resources */,
				0756BDB31B3DF171006F928C /* PushNotificationManager.html in Resources */,
				583973451B38587600EF2611 /* Main.storyboard in Resources */,
				586545381B3D9AE60008180B /* img3.png in Resources */,
				0756BDB61B3DF171006F928C /* PWNotificationAppSettings.html in Resources */,
				0756BDC61B3DF171006F928C /* index.html in Resources */,
				0756BDC51B3DF171006F928C /* title_background.png in Resources */,
				5865453F1B3D9C560008180B /* mc.jpg in Resources */,
				0756BDBC1B3DF171006F928C /* PWNotificationBannerStyle.html in Resources */,
				0756BDBB1B3DF171006F928C /* PWNotificationAlertStyle.html in Resources */,
				5839734A1B38587600EF2611 /* LaunchScreen.xib in Resources */,
				0756BDC41B3DF171006F928C /* library_background.png in Resources */,
				583973471B38587600EF2611 /* Images.xcassets in Resources */,
				586545341B3D97E10008180B /* img1.png in Resources */,
				0756BDC91B3DF171006F928C /* LICENSE in Resources */,
				586545411B3D9C560008180B /* pan.png in Resources */,
				0756BDB71B3DF171006F928C /* PWNotificationCenter.html in Resources */,
				0756BDC71B3DF171006F928C /* PushNotificationDelegate.html in Resources */,
				0756BDC01B3DF171006F928C /* hierarchy.html in Resources */,
				0756BDC11B3DF171006F928C /* button_bar_background.png in Resources */,
				0756BDC21B3DF171006F928C /* disclosure.png in Resources */,
				586545371B3D9AE60008180B /* img2.jpg in Resources */,
			);
			runOnlyForDeploymentPostprocessing = 0;
		};
		5839734D1B38587600EF2611 /* Resources */ = {
			isa = PBXResourcesBuildPhase;
			buildActionMask = 2147483647;
			files = (
			);
			runOnlyForDeploymentPostprocessing = 0;
		};
/* End PBXResourcesBuildPhase section */

/* Begin PBXSourcesBuildPhase section */
		5839732F1B38587600EF2611 /* Sources */ = {
			isa = PBXSourcesBuildPhase;
			buildActionMask = 2147483647;
			files = (
				5839733C1B38587600EF2611 /* AppDelegate.m in Sources */,
				583973391B38587600EF2611 /* main.m in Sources */,
				5839736F1B386D6600EF2611 /* Home.m in Sources */,
				0756BDCB1B3DF171006F928C /* VERSION.md in Sources */,
				583973691B386D3100EF2611 /* Declarations.m in Sources */,
				583973651B386CCA00EF2611 /* cellPol.m in Sources */,
				5848F1A91B387C3000F0EF51 /* Details.m in Sources */,
				583973421B38587600EF2611 /* Start.m in Sources */,
				5848F1AF1B38956500F0EF51 /* AddEstado.m in Sources */,
				5839733F1B38587600EF2611 /* CM_Tarea_2.xcdatamodeld in Sources */,
				0756BDCA1B3DF171006F928C /* README.md in Sources */,
				5839736C1B386D5300EF2611 /* Intro.m in Sources */,
			);
			runOnlyForDeploymentPostprocessing = 0;
		};
		5839734B1B38587600EF2611 /* Sources */ = {
			isa = PBXSourcesBuildPhase;
			buildActionMask = 2147483647;
			files = (
				583973561B38587600EF2611 /* CM_Tarea_2Tests.m in Sources */,
			);
			runOnlyForDeploymentPostprocessing = 0;
		};
/* End PBXSourcesBuildPhase section */

/* Begin PBXTargetDependency section */
		583973511B38587600EF2611 /* PBXTargetDependency */ = {
			isa = PBXTargetDependency;
			target = 583973321B38587600EF2611 /* CM-Tarea-2 */;
			targetProxy = 583973501B38587600EF2611 /* PBXContainerItemProxy */;
		};
/* End PBXTargetDependency section */

/* Begin PBXVariantGroup section */
		583973431B38587600EF2611 /* Main.storyboard */ = {
			isa = PBXVariantGroup;
			children = (
				583973441B38587600EF2611 /* Base */,
			);
			name = Main.storyboard;
			sourceTree = "<group>";
		};
		583973481B38587600EF2611 /* LaunchScreen.xib */ = {
			isa = PBXVariantGroup;
			children = (
				583973491B38587600EF2611 /* Base */,
			);
			name = LaunchScreen.xib;
			sourceTree = "<group>";
		};
/* End PBXVariantGroup section */

/* Begin XCBuildConfiguration section */
		583973571B38587600EF2611 /* Debug */ = {
			isa = XCBuildConfiguration;
			buildSettings = {
				ALWAYS_SEARCH_USER_PATHS = NO;
				CLANG_CXX_LANGUAGE_STANDARD = "gnu++0x";
				CLANG_CXX_LIBRARY = "libc++";
				CLANG_ENABLE_MODULES = YES;
				CLANG_ENABLE_OBJC_ARC = YES;
				CLANG_WARN_BOOL_CONVERSION = YES;
				CLANG_WARN_CONSTANT_CONVERSION = YES;
				CLANG_WARN_DIRECT_OBJC_ISA_USAGE = YES_ERROR;
				CLANG_WARN_EMPTY_BODY = YES;
				CLANG_WARN_ENUM_CONVERSION = YES;
				CLANG_WARN_INT_CONVERSION = YES;
				CLANG_WARN_OBJC_ROOT_CLASS = YES_ERROR;
				CLANG_WARN_UNREACHABLE_CODE = YES;
				CLANG_WARN__DUPLICATE_METHOD_MATCH = YES;
				"CODE_SIGN_IDENTITY[sdk=iphoneos*]" = "iPhone Developer";
				COPY_PHASE_STRIP = NO;
				DEBUG_INFORMATION_FORMAT = "dwarf-with-dsym";
				ENABLE_STRICT_OBJC_MSGSEND = YES;
				GCC_C_LANGUAGE_STANDARD = gnu99;
				GCC_DYNAMIC_NO_PIC = NO;
				GCC_NO_COMMON_BLOCKS = YES;
				GCC_OPTIMIZATION_LEVEL = 0;
				GCC_PREPROCESSOR_DEFINITIONS = (
					"DEBUG=1",
					"$(inherited)",
				);
				GCC_SYMBOLS_PRIVATE_EXTERN = NO;
				GCC_WARN_64_TO_32_BIT_CONVERSION = YES;
				GCC_WARN_ABOUT_RETURN_TYPE = YES_ERROR;
				GCC_WARN_UNDECLARED_SELECTOR = YES;
				GCC_WARN_UNINITIALIZED_AUTOS = YES_AGGRESSIVE;
				GCC_WARN_UNUSED_FUNCTION = YES;
				GCC_WARN_UNUSED_VARIABLE = YES;
				IPHONEOS_DEPLOYMENT_TARGET = 8.3;
				MTL_ENABLE_DEBUG_INFO = YES;
				ONLY_ACTIVE_ARCH = YES;
				SDKROOT = iphoneos;
			};
			name = Debug;
		};
		583973581B38587600EF2611 /* Release */ = {
			isa = XCBuildConfiguration;
			buildSettings = {
				ALWAYS_SEARCH_USER_PATHS = NO;
				CLANG_CXX_LANGUAGE_STANDARD = "gnu++0x";
				CLANG_CXX_LIBRARY = "libc++";
				CLANG_ENABLE_MODULES = YES;
				CLANG_ENABLE_OBJC_ARC = YES;
				CLANG_WARN_BOOL_CONVERSION = YES;
				CLANG_WARN_CONSTANT_CONVERSION = YES;
				CLANG_WARN_DIRECT_OBJC_ISA_USAGE = YES_ERROR;
				CLANG_WARN_EMPTY_BODY = YES;
				CLANG_WARN_ENUM_CONVERSION = YES;
				CLANG_WARN_INT_CONVERSION = YES;
				CLANG_WARN_OBJC_ROOT_CLASS = YES_ERROR;
				CLANG_WARN_UNREACHABLE_CODE = YES;
				CLANG_WARN__DUPLICATE_METHOD_MATCH = YES;
				"CODE_SIGN_IDENTITY[sdk=iphoneos*]" = "iPhone Developer";
				COPY_PHASE_STRIP = NO;
				DEBUG_INFORMATION_FORMAT = "dwarf-with-dsym";
				ENABLE_NS_ASSERTIONS = NO;
				ENABLE_STRICT_OBJC_MSGSEND = YES;
				GCC_C_LANGUAGE_STANDARD = gnu99;
				GCC_NO_COMMON_BLOCKS = YES;
				GCC_WARN_64_TO_32_BIT_CONVERSION = YES;
				GCC_WARN_ABOUT_RETURN_TYPE = YES_ERROR;
				GCC_WARN_UNDECLARED_SELECTOR = YES;
				GCC_WARN_UNINITIALIZED_AUTOS = YES_AGGRESSIVE;
				GCC_WARN_UNUSED_FUNCTION = YES;
				GCC_WARN_UNUSED_VARIABLE = YES;
				IPHONEOS_DEPLOYMENT_TARGET = 8.3;
				MTL_ENABLE_DEBUG_INFO = NO;
				SDKROOT = iphoneos;
				VALIDATE_PRODUCT = YES;
			};
			name = Release;
		};
		5839735A1B38587600EF2611 /* Debug */ = {
			isa = XCBuildConfiguration;
			buildSettings = {
				ASSETCATALOG_COMPILER_APPICON_NAME = AppIcon;
				FRAMEWORK_SEARCH_PATHS = (
					"$(inherited)",
					"$(PROJECT_DIR)/pushwoosh-ios-sdk-master/Framework",
				);
				INFOPLIST_FILE = "CM-Tarea-2/Info.plist";
				LD_RUNPATH_SEARCH_PATHS = "$(inherited) @executable_path/Frameworks";
				PRODUCT_NAME = "$(TARGET_NAME)";
			};
			name = Debug;
		};
		5839735B1B38587600EF2611 /* Release */ = {
			isa = XCBuildConfiguration;
			buildSettings = {
				ASSETCATALOG_COMPILER_APPICON_NAME = AppIcon;
				FRAMEWORK_SEARCH_PATHS = (
					"$(inherited)",
					"$(PROJECT_DIR)/pushwoosh-ios-sdk-master/Framework",
				);
				INFOPLIST_FILE = "CM-Tarea-2/Info.plist";
				LD_RUNPATH_SEARCH_PATHS = "$(inherited) @executable_path/Frameworks";
				PRODUCT_NAME = "$(TARGET_NAME)";
			};
			name = Release;
		};
		5839735D1B38587600EF2611 /* Debug */ = {
			isa = XCBuildConfiguration;
			buildSettings = {
				BUNDLE_LOADER = "$(TEST_HOST)";
				FRAMEWORK_SEARCH_PATHS = (
					"$(SDKROOT)/Developer/Library/Frameworks",
					"$(inherited)",
				);
				GCC_PREPROCESSOR_DEFINITIONS = (
					"DEBUG=1",
					"$(inherited)",
				);
				INFOPLIST_FILE = "CM-Tarea-2Tests/Info.plist";
				LD_RUNPATH_SEARCH_PATHS = "$(inherited) @executable_path/Frameworks @loader_path/Frameworks";
				PRODUCT_NAME = "$(TARGET_NAME)";
				TEST_HOST = "$(BUILT_PRODUCTS_DIR)/CM-Tarea-2.app/CM-Tarea-2";
			};
			name = Debug;
		};
		5839735E1B38587600EF2611 /* Release */ = {
			isa = XCBuildConfiguration;
			buildSettings = {
				BUNDLE_LOADER = "$(TEST_HOST)";
				FRAMEWORK_SEARCH_PATHS = (
					"$(SDKROOT)/Developer/Library/Frameworks",
					"$(inherited)",
				);
				INFOPLIST_FILE = "CM-Tarea-2Tests/Info.plist";
				LD_RUNPATH_SEARCH_PATHS = "$(inherited) @executable_path/Frameworks @loader_path/Frameworks";
				PRODUCT_NAME = "$(TARGET_NAME)";
				TEST_HOST = "$(BUILT_PRODUCTS_DIR)/CM-Tarea-2.app/CM-Tarea-2";
			};
			name = Release;
		};
/* End XCBuildConfiguration section */

/* Begin XCConfigurationList section */
		5839732E1B38587600EF2611 /* Build configuration list for PBXProject "CM-Tarea-2" */ = {
			isa = XCConfigurationList;
			buildConfigurations = (
				583973571B38587600EF2611 /* Debug */,
				583973581B38587600EF2611 /* Release */,
			);
			defaultConfigurationIsVisible = 0;
			defaultConfigurationName = Release;
		};
		583973591B38587600EF2611 /* Build configuration list for PBXNativeTarget "CM-Tarea-2" */ = {
			isa = XCConfigurationList;
			buildConfigurations = (
				5839735A1B38587600EF2611 /* Debug */,
				5839735B1B38587600EF2611 /* Release */,
			);
			defaultConfigurationIsVisible = 0;
			defaultConfigurationName = Release;
		};
		5839735C1B38587600EF2611 /* Build configuration list for PBXNativeTarget "CM-Tarea-2Tests" */ = {
			isa = XCConfigurationList;
			buildConfigurations = (
				5839735D1B38587600EF2611 /* Debug */,
				5839735E1B38587600EF2611 /* Release */,
			);
			defaultConfigurationIsVisible = 0;
			defaultConfigurationName = Release;
		};
/* End XCConfigurationList section */

/* Begin XCVersionGroup section */
		5839733D1B38587600EF2611 /* CM_Tarea_2.xcdatamodeld */ = {
			isa = XCVersionGroup;
			children = (
				5839733E1B38587600EF2611 /* CM_Tarea_2.xcdatamodel */,
			);
			currentVersion = 5839733E1B38587600EF2611 /* CM_Tarea_2.xcdatamodel */;
			path = CM_Tarea_2.xcdatamodeld;
			sourceTree = "<group>";
			versionGroupType = wrapper.xcdatamodel;
		};
/* End XCVersionGroup section */
	};
	rootObject = 5839732B1B38587600EF2611 /* Project object */;
}
